github.com/nozzle/throttler v0.0.0-20180817012639-2ea982251481 h1:Up6+btDp321ZG5/zdSLo48H9Iaq0UQGthrhWC6pCxzE=
github.com/nozzle/throttler v0.0.0-20180817012639-2ea982251481/go.mod h1:yKZQO8QE2bHlgozqWDiRVqTFlLQSj30K/6SAK8EeYFw=
gopkg.in/go-playground/pool.v3 v3.1.1 h1:4Qcj91IsYTpIeRhe/eo6Fz+w6uKWPEghx8vHFTYMfhw=
gopkg.in/go-playground/pool.v3 v3.1.1/go.mod h1:pUAGBximS/hccTTSzEop6wvvQhVa3QPDFFW+8REdutg=
